# THIS IS AN AUTOGENERATED FILE. DO NOT EDIT THIS FILE DIRECTLY.
# yarn lockfile v1


"@morphic-ts/adt@^2.0.0":
  version "2.0.0"
  resolved "https://registry.yarnpkg.com/@morphic-ts/adt/-/adt-2.0.0.tgz#7293ccc93f0c065d4a3944b167302a0c84b2badb"
  integrity sha512-b8OQGitZt6ped4hQBKgaGg/Dqb/TIe6DMqz5aoFTft9wCOW7LxH0oALgwEHZ3m9OzvrYDB94UF5hat9OpFqrqg==
  dependencies:
    fp-ts "^2.5.3"
    monocle-ts "^2.0.1"

"@types/node@^14.14.11":
  version "14.18.10"
  resolved "https://registry.yarnpkg.com/@types/node/-/node-14.18.10.tgz#774f43868964f3cfe4ced1f5417fe15818a4eaea"
  integrity sha512-6iihJ/Pp5fsFJ/aEDGyvT4pHGmCpq7ToQ/yf4bl5SbVAvwpspYJ+v3jO7n8UyjhQVHTy+KNszOozDdv+O6sovQ==

fp-ts-routing@^0.5.4:
  version "0.5.4"
  resolved "https://registry.yarnpkg.com/fp-ts-routing/-/fp-ts-routing-0.5.4.tgz#5bcffcd4701a5cc50dc7c936f7e6eda923e8e3d0"
  integrity sha512-M/gWge52Kk/8RkOblFMu4k6Ddljx9JCLOsSclurra+RJDnY4i/eUT74nEHRT0X/kzn6zsKQa5rCvUmcO7L8wuw==

fp-ts@^2.5.3, fp-ts@^2.9.1:
  version "2.11.8"
  resolved "https://registry.yarnpkg.com/fp-ts/-/fp-ts-2.11.8.tgz#411cde116c446d568f5597b03352d8b3f98e8f82"
  integrity sha512-WQT6rP6Jt3TxMdQB3IKzvfZKLuldumntgumLhIUhvPrukTHdWNI4JgEHY04Bd0LIOR9IQRpB+7RuxgUU0Vhmcg==

monocle-ts@^2.0.1:
  version "2.3.12"
  resolved "https://registry.yarnpkg.com/monocle-ts/-/monocle-ts-2.3.12.tgz#73e7d59841b3843bf76eb840735a9641fdd3bd93"
  integrity sha512-mf753m69aRNApcL2KCKfLRwfWbraeqQfRRgm3a8D+5lvkhCcMtVp8/vnM04Cmhsd6YXJeInMeQFFETrd7jWYww==

morphic-ts-routing@^0.0.49:
  version "0.0.49"
  resolved "https://registry.yarnpkg.com/morphic-ts-routing/-/morphic-ts-routing-0.0.49.tgz#3eaa05e0f5689beaf562c4626a1db929353cca77"
  integrity sha512-Sl8SDn+r/RUCxgX44WjwyR1h+nL+M+grWvB8M7MG+UnV1RJqYycjaPUn8udsFkeZjN+N3hHRuTcGoespbsTAcw==
  dependencies:
    "@morphic-ts/adt" "^2.0.0"
    "@types/node" "^14.14.11"
    fp-ts "^2.9.1"
    fp-ts-routing "^0.5.4"
    typescript "^4.1.2"

typescript@^4.1.2:
  version "4.5.5"
  resolved "https://registry.yarnpkg.com/typescript/-/typescript-4.5.5.tgz#d8c953832d28924a9e3d37c73d729c846c5896f3"
  integrity sha512-TCTIul70LyWe6IJWT8QSYeA54WQe8EjQFU4wY52Fasj5UKx88LNYKCgBEHcOMOrFF1rKGbD8v/xcNWVUq9SymA==
